PODS:
  - UAProgressView (0.1.3)
  - UICountingLabel (1.4.0)

DEPENDENCIES:
  - UAProgressView
  - UICountingLabel

SPEC CHECKSUMS:
  UAProgressView: ce49aee47c14df6dc372f6fd57852f570ca97e6b
  UICountingLabel: ed5ce5b6d5ef278ff40d99cfa49577a30ab0c87b

PODFILE CHECKSUM: f8590ffaeab69f73684197a8879cbf2e3221399b

COCOAPODS: 1.0.0
